// !$*UTF8*$!
{
	archiveVersion = 1;
	classes = {
	};
	objectVersion = 46;
	objects = {

/* Begin PBXBuildFile section */
		9032E0F21AC0C54D001E11DF /* CalendarioViewController.m in Sources */ = {isa = PBXBuildFile; fileRef = 9032E0F11AC0C54D001E11DF /* CalendarioViewController.m */; };
		90727EDF1AC1F7D300D48518 /* TabBarViewController.m in Sources */ = {isa = PBXBuildFile; fileRef = 90727EDE1AC1F7D300D48518 /* TabBarViewController.m */; };
		90727EE21AC2F6B800D48518 /* Evento.m in Sources */ = {isa = PBXBuildFile; fileRef = 90727EE11AC2F6B800D48518 /* Evento.m */; };
		A0435D061AC48DBA00822BC1 /* DetailInstitutionViewController.m in Sources */ = {isa = PBXBuildFile; fileRef = A0435D051AC48DBA00822BC1 /* DetailInstitutionViewController.m */; };
		A0435D091AC48DCE00822BC1 /* InstitutionTableViewCell.m in Sources */ = {isa = PBXBuildFile; fileRef = A0435D081AC48DCE00822BC1 /* InstitutionTableViewCell.m */; };
		A0435D0C1AC48DE000822BC1 /* ShowInstitutionViewController.m in Sources */ = {isa = PBXBuildFile; fileRef = A0435D0B1AC48DE000822BC1 /* ShowInstitutionViewController.m */; };
		A045A9391AC77E56004B00BF /* PessoalViewController.m in Sources */ = {isa = PBXBuildFile; fileRef = A045A9381AC77E56004B00BF /* PessoalViewController.m */; };
		A05773AD1ABB45B70069D5CB /* User.m in Sources */ = {isa = PBXBuildFile; fileRef = A05773AC1ABB45B70069D5CB /* User.m */; };
		A05B0B401AC9B13F0021550A /* PessoalCellTableViewCell.m in Sources */ = {isa = PBXBuildFile; fileRef = A05B0B3F1AC9B13F0021550A /* PessoalCellTableViewCell.m */; };
		A06184C01AB8A08D00363539 /* Bolts.framework in Frameworks */ = {isa = PBXBuildFile; fileRef = A06184BB1AB8A08D00363539 /* Bolts.framework */; };
		A06184C11AB8A08D00363539 /* Parse.framework in Frameworks */ = {isa = PBXBuildFile; fileRef = A06184BC1AB8A08D00363539 /* Parse.framework */; };
		A06184C21AB8A08D00363539 /* ParseCrashReporting.framework in Frameworks */ = {isa = PBXBuildFile; fileRef = A06184BD1AB8A08D00363539 /* ParseCrashReporting.framework */; };
		A06184C31AB8A08D00363539 /* ParseFacebookUtils.framework in Frameworks */ = {isa = PBXBuildFile; fileRef = A06184BE1AB8A08D00363539 /* ParseFacebookUtils.framework */; };
		A06184C41AB8A08D00363539 /* ParseUI.framework in Frameworks */ = {isa = PBXBuildFile; fileRef = A06184BF1AB8A08D00363539 /* ParseUI.framework */; };
		A06B93C41ABCA0BE00B3F59E /* Animal.m in Sources */ = {isa = PBXBuildFile; fileRef = A06B93C31ABCA0BE00B3F59E /* Animal.m */; };
		A0E5B2F81AC63BC900A9E99C /* DetailEventViewController.m in Sources */ = {isa = PBXBuildFile; fileRef = A0E5B2F71AC63BC900A9E99C /* DetailEventViewController.m */; };
		AB1781361AC090EE007621F0 /* RegisterAnimalPhotoController.m in Sources */ = {isa = PBXBuildFile; fileRef = AB1781351AC090EE007621F0 /* RegisterAnimalPhotoController.m */; };
		AB17813F1AC0A32B007621F0 /* FXForms.m in Sources */ = {isa = PBXBuildFile; fileRef = AB17813E1AC0A32B007621F0 /* FXForms.m */; };
		AB4F88301AB89D59006DA324 /* AudioToolbox.framework in Frameworks */ = {isa = PBXBuildFile; fileRef = AB4F882F1AB89D59006DA324 /* AudioToolbox.framework */; };
		AB4F88321AB89D5E006DA324 /* CFNetwork.framework in Frameworks */ = {isa = PBXBuildFile; fileRef = AB4F88311AB89D5E006DA324 /* CFNetwork.framework */; };
		AB4F88341AB89D67006DA324 /* CoreGraphics.framework in Frameworks */ = {isa = PBXBuildFile; fileRef = AB4F88331AB89D67006DA324 /* CoreGraphics.framework */; };
		AB4F88361AB89D6F006DA324 /* CoreLocation.framework in Frameworks */ = {isa = PBXBuildFile; fileRef = AB4F88351AB89D6F006DA324 /* CoreLocation.framework */; };
		AB4F88381AB89D75006DA324 /* MobileCoreServices.framework in Frameworks */ = {isa = PBXBuildFile; fileRef = AB4F88371AB89D75006DA324 /* MobileCoreServices.framework */; };
		AB4F883A1AB89D7B006DA324 /* QuartzCore.framework in Frameworks */ = {isa = PBXBuildFile; fileRef = AB4F88391AB89D7B006DA324 /* QuartzCore.framework */; };
		AB4F883C1AB89D82006DA324 /* Security.framework in Frameworks */ = {isa = PBXBuildFile; fileRef = AB4F883B1AB89D82006DA324 /* Security.framework */; };
		AB4F88401AB89D8B006DA324 /* SystemConfiguration.framework in Frameworks */ = {isa = PBXBuildFile; fileRef = AB4F883F1AB89D8B006DA324 /* SystemConfiguration.framework */; };
		AB4F88421AB89D97006DA324 /* libz.dylib in Frameworks */ = {isa = PBXBuildFile; fileRef = AB4F88411AB89D96006DA324 /* libz.dylib */; };
		AB4F88441AB89DA8006DA324 /* libsqlite3.dylib in Frameworks */ = {isa = PBXBuildFile; fileRef = AB4F88431AB89DA8006DA324 /* libsqlite3.dylib */; };
		AB50C46B1AC5E32A00DC6EC6 /* eventTableViewCell.m in Sources */ = {isa = PBXBuildFile; fileRef = AB50C46A1AC5E32A00DC6EC6 /* eventTableViewCell.m */; };
		ABAED8541AC1ECD4008322FF /* AnimalsShowViewController.m in Sources */ = {isa = PBXBuildFile; fileRef = ABAED8531AC1ECD4008322FF /* AnimalsShowViewController.m */; };
		ABB144061ADC4EB000DACEE7 /* FilterViewController.m in Sources */ = {isa = PBXBuildFile; fileRef = ABB144051ADC4EB000DACEE7 /* FilterViewController.m */; };
		ABB144091ADC511500DACEE7 /* Filter.m in Sources */ = {isa = PBXBuildFile; fileRef = ABB144081ADC511500DACEE7 /* Filter.m */; };
		ABCDBA6F1ABC939C00BF49C1 /* SignUpViewController.m in Sources */ = {isa = PBXBuildFile; fileRef = ABCDBA6E1ABC939C00BF49C1 /* SignUpViewController.m */; };
		ABE82B101AC47B9D00F26A09 /* VMaskTextField.m in Sources */ = {isa = PBXBuildFile; fileRef = ABE82B0F1AC47B9D00F26A09 /* VMaskTextField.m */; };
		B937CC141AC32C2800B8C1E1 /* UIImage+Extension.m in Sources */ = {isa = PBXBuildFile; fileRef = B937CC131AC32C2800B8C1E1 /* UIImage+Extension.m */; };
		B937CC191AC339A500B8C1E1 /* CardView.m in Sources */ = {isa = PBXBuildFile; fileRef = B937CC161AC339A500B8C1E1 /* CardView.m */; };
		B937CC1A1AC339A500B8C1E1 /* SwipeCardView.m in Sources */ = {isa = PBXBuildFile; fileRef = B937CC181AC339A500B8C1E1 /* SwipeCardView.m */; };
		B96024941AB89729008C211C /* main.m in Sources */ = {isa = PBXBuildFile; fileRef = B96024931AB89729008C211C /* main.m */; };
		B96024971AB89729008C211C /* AppDelegate.m in Sources */ = {isa = PBXBuildFile; fileRef = B96024961AB89729008C211C /* AppDelegate.m */; };
		B960249A1AB89729008C211C /* LoginViewController.m in Sources */ = {isa = PBXBuildFile; fileRef = B96024991AB89729008C211C /* LoginViewController.m */; };
		B960249D1AB89729008C211C /* Main.storyboard in Resources */ = {isa = PBXBuildFile; fileRef = B960249B1AB89729008C211C /* Main.storyboard */; };
		B960249F1AB89729008C211C /* Images.xcassets in Resources */ = {isa = PBXBuildFile; fileRef = B960249E1AB89729008C211C /* Images.xcassets */; };
		B96024A21AB89729008C211C /* LaunchScreen.xib in Resources */ = {isa = PBXBuildFile; fileRef = B96024A01AB89729008C211C /* LaunchScreen.xib */; };
		B96024AE1AB89729008C211C /* iDoteTests.m in Sources */ = {isa = PBXBuildFile; fileRef = B96024AD1AB89729008C211C /* iDoteTests.m */; };
		B97AF0911ADC771C0004C96C /* ParseFacebookUtilsV4.framework in Frameworks */ = {isa = PBXBuildFile; fileRef = B97AF0901ADC771C0004C96C /* ParseFacebookUtilsV4.framework */; };
		B97B07491ADC30CB009E1886 /* UIImage+Blur.m in Sources */ = {isa = PBXBuildFile; fileRef = B97B07481ADC30CB009E1886 /* UIImage+Blur.m */; };
		B98486B41AC5EDE3008F0BD1 /* AnimalDetailsViewController.m in Sources */ = {isa = PBXBuildFile; fileRef = B98486B31AC5EDE3008F0BD1 /* AnimalDetailsViewController.m */; };
		B9FBEE301AC5A1B300279EFD /* UIImage+Resize.m in Sources */ = {isa = PBXBuildFile; fileRef = B9FBEE2F1AC5A1B300279EFD /* UIImage+Resize.m */; };
		B9FD72531ADC51FF00C5B940 /* FBAudienceNetwork.framework in Frameworks */ = {isa = PBXBuildFile; fileRef = B9FD724E1ADC51FF00C5B940 /* FBAudienceNetwork.framework */; };
		B9FD72541ADC51FF00C5B940 /* FBSDKCoreKit.framework in Frameworks */ = {isa = PBXBuildFile; fileRef = B9FD724F1ADC51FF00C5B940 /* FBSDKCoreKit.framework */; };
		B9FD72551ADC51FF00C5B940 /* FBSDKLoginKit.framework in Frameworks */ = {isa = PBXBuildFile; fileRef = B9FD72501ADC51FF00C5B940 /* FBSDKLoginKit.framework */; };
		B9FD72561ADC51FF00C5B940 /* FBSDKMessengerShareKit.framework in Frameworks */ = {isa = PBXBuildFile; fileRef = B9FD72511ADC51FF00C5B940 /* FBSDKMessengerShareKit.framework */; };
		B9FD72571ADC51FF00C5B940 /* FBSDKShareKit.framework in Frameworks */ = {isa = PBXBuildFile; fileRef = B9FD72521ADC51FF00C5B940 /* FBSDKShareKit.framework */; };
		B9FD725D1ADC53FE00C5B940 /* FBMissingSymbols.m in Sources */ = {isa = PBXBuildFile; fileRef = B9FD725C1ADC53FE00C5B940 /* FBMissingSymbols.m */; };
		E32C9EE91AC07C8500439C9B /* RegisterInstitutionViewController.m in Sources */ = {isa = PBXBuildFile; fileRef = E32C9EE81AC07C8500439C9B /* RegisterInstitutionViewController.m */; };
		E32C9EEB1AC095BC00439C9B /* teste.storyboard in Resources */ = {isa = PBXBuildFile; fileRef = E32C9EEA1AC095BC00439C9B /* teste.storyboard */; };
		E3B9C1CB1ABF2E960083A0F6 /* Institution.m in Sources */ = {isa = PBXBuildFile; fileRef = E3B9C1CA1ABF2E960083A0F6 /* Institution.m */; };
/* End PBXBuildFile section */

/* Begin PBXContainerItemProxy section */
		B96024A81AB89729008C211C /* PBXContainerItemProxy */ = {
			isa = PBXContainerItemProxy;
			containerPortal = B96024861AB89728008C211C /* Project object */;
			proxyType = 1;
			remoteGlobalIDString = B960248D1AB89728008C211C;
			remoteInfo = iDote;
		};
/* End PBXContainerItemProxy section */

/* Begin PBXFileReference section */
		9032E0F01AC0C54D001E11DF /* CalendarioViewController.h */ = {isa = PBXFileReference; fileEncoding = 4; lastKnownFileType = sourcecode.c.h; path = CalendarioViewController.h; sourceTree = "<group>"; };
		9032E0F11AC0C54D001E11DF /* CalendarioViewController.m */ = {isa = PBXFileReference; fileEncoding = 4; lastKnownFileType = sourcecode.c.objc; path = CalendarioViewController.m; sourceTree = "<group>"; };
		90727EDD1AC1F7D300D48518 /* TabBarViewController.h */ = {isa = PBXFileReference; fileEncoding = 4; lastKnownFileType = sourcecode.c.h; path = TabBarViewController.h; sourceTree = "<group>"; };
		90727EDE1AC1F7D300D48518 /* TabBarViewController.m */ = {isa = PBXFileReference; fileEncoding = 4; lastKnownFileType = sourcecode.c.objc; path = TabBarViewController.m; sourceTree = "<group>"; };
		90727EE01AC2F6B800D48518 /* Evento.h */ = {isa = PBXFileReference; fileEncoding = 4; lastKnownFileType = sourcecode.c.h; name = Evento.h; path = iDote/Evento.h; sourceTree = "<group>"; };
		90727EE11AC2F6B800D48518 /* Evento.m */ = {isa = PBXFileReference; fileEncoding = 4; lastKnownFileType = sourcecode.c.objc; name = Evento.m; path = iDote/Evento.m; sourceTree = "<group>"; };
		A0435D041AC48D8800822BC1 /* DetailInstitutionViewController.h */ = {isa = PBXFileReference; lastKnownFileType = sourcecode.c.h; path = DetailInstitutionViewController.h; sourceTree = "<group>"; };
		A0435D051AC48DBA00822BC1 /* DetailInstitutionViewController.m */ = {isa = PBXFileReference; fileEncoding = 4; lastKnownFileType = sourcecode.c.objc; path = DetailInstitutionViewController.m; sourceTree = "<group>"; };
		A0435D071AC48DCE00822BC1 /* InstitutionTableViewCell.h */ = {isa = PBXFileReference; fileEncoding = 4; lastKnownFileType = sourcecode.c.h; path = InstitutionTableViewCell.h; sourceTree = "<group>"; };
		A0435D081AC48DCE00822BC1 /* InstitutionTableViewCell.m */ = {isa = PBXFileReference; fileEncoding = 4; lastKnownFileType = sourcecode.c.objc; path = InstitutionTableViewCell.m; sourceTree = "<group>"; };
		A0435D0A1AC48DE000822BC1 /* ShowInstitutionViewController.h */ = {isa = PBXFileReference; fileEncoding = 4; lastKnownFileType = sourcecode.c.h; path = ShowInstitutionViewController.h; sourceTree = "<group>"; };
		A0435D0B1AC48DE000822BC1 /* ShowInstitutionViewController.m */ = {isa = PBXFileReference; fileEncoding = 4; lastKnownFileType = sourcecode.c.objc; path = ShowInstitutionViewController.m; sourceTree = "<group>"; };
		A045A9371AC77E56004B00BF /* PessoalViewController.h */ = {isa = PBXFileReference; fileEncoding = 4; lastKnownFileType = sourcecode.c.h; path = PessoalViewController.h; sourceTree = "<group>"; };
		A045A9381AC77E56004B00BF /* PessoalViewController.m */ = {isa = PBXFileReference; fileEncoding = 4; lastKnownFileType = sourcecode.c.objc; path = PessoalViewController.m; sourceTree = "<group>"; };
		A05773AB1ABB45B70069D5CB /* User.h */ = {isa = PBXFileReference; fileEncoding = 4; lastKnownFileType = sourcecode.c.h; name = User.h; path = iDote/User.h; sourceTree = "<group>"; };
		A05773AC1ABB45B70069D5CB /* User.m */ = {isa = PBXFileReference; fileEncoding = 4; lastKnownFileType = sourcecode.c.objc; name = User.m; path = iDote/User.m; sourceTree = "<group>"; };
		A05B0B3E1AC9B13F0021550A /* PessoalCellTableViewCell.h */ = {isa = PBXFileReference; fileEncoding = 4; lastKnownFileType = sourcecode.c.h; path = PessoalCellTableViewCell.h; sourceTree = "<group>"; };
		A05B0B3F1AC9B13F0021550A /* PessoalCellTableViewCell.m */ = {isa = PBXFileReference; fileEncoding = 4; lastKnownFileType = sourcecode.c.objc; path = PessoalCellTableViewCell.m; sourceTree = "<group>"; };
		A06184BB1AB8A08D00363539 /* Bolts.framework */ = {isa = PBXFileReference; lastKnownFileType = wrapper.framework; name = Bolts.framework; path = Frameworks/Bolts.framework; sourceTree = "<group>"; };
		A06184BC1AB8A08D00363539 /* Parse.framework */ = {isa = PBXFileReference; lastKnownFileType = wrapper.framework; name = Parse.framework; path = Frameworks/Parse.framework; sourceTree = "<group>"; };
		A06184BD1AB8A08D00363539 /* ParseCrashReporting.framework */ = {isa = PBXFileReference; lastKnownFileType = wrapper.framework; name = ParseCrashReporting.framework; path = Frameworks/ParseCrashReporting.framework; sourceTree = "<group>"; };
		A06184BE1AB8A08D00363539 /* ParseFacebookUtils.framework */ = {isa = PBXFileReference; lastKnownFileType = wrapper.framework; name = ParseFacebookUtils.framework; path = Frameworks/ParseFacebookUtils.framework; sourceTree = "<group>"; };
		A06184BF1AB8A08D00363539 /* ParseUI.framework */ = {isa = PBXFileReference; lastKnownFileType = wrapper.framework; name = ParseUI.framework; path = Frameworks/ParseUI.framework; sourceTree = "<group>"; };
		A06B93C21ABCA0BE00B3F59E /* Animal.h */ = {isa = PBXFileReference; fileEncoding = 4; lastKnownFileType = sourcecode.c.h; name = Animal.h; path = iDote/Animal.h; sourceTree = "<group>"; };
		A06B93C31ABCA0BE00B3F59E /* Animal.m */ = {isa = PBXFileReference; fileEncoding = 4; lastKnownFileType = sourcecode.c.objc; name = Animal.m; path = iDote/Animal.m; sourceTree = "<group>"; };
		A0E5B2F61AC63BC900A9E99C /* DetailEventViewController.h */ = {isa = PBXFileReference; fileEncoding = 4; lastKnownFileType = sourcecode.c.h; path = DetailEventViewController.h; sourceTree = "<group>"; };
		A0E5B2F71AC63BC900A9E99C /* DetailEventViewController.m */ = {isa = PBXFileReference; fileEncoding = 4; lastKnownFileType = sourcecode.c.objc; path = DetailEventViewController.m; sourceTree = "<group>"; };
		AB1781341AC090EE007621F0 /* RegisterAnimalPhotoController.h */ = {isa = PBXFileReference; fileEncoding = 4; lastKnownFileType = sourcecode.c.h; path = RegisterAnimalPhotoController.h; sourceTree = "<group>"; };
		AB1781351AC090EE007621F0 /* RegisterAnimalPhotoController.m */ = {isa = PBXFileReference; fileEncoding = 4; lastKnownFileType = sourcecode.c.objc; path = RegisterAnimalPhotoController.m; sourceTree = "<group>"; };
		AB17813D1AC0A32B007621F0 /* FXForms.h */ = {isa = PBXFileReference; fileEncoding = 4; lastKnownFileType = sourcecode.c.h; path = FXForms.h; sourceTree = "<group>"; };
		AB17813E1AC0A32B007621F0 /* FXForms.m */ = {isa = PBXFileReference; fileEncoding = 4; lastKnownFileType = sourcecode.c.objc; path = FXForms.m; sourceTree = "<group>"; };
		AB4F882F1AB89D59006DA324 /* AudioToolbox.framework */ = {isa = PBXFileReference; lastKnownFileType = wrapper.framework; name = AudioToolbox.framework; path = System/Library/Frameworks/AudioToolbox.framework; sourceTree = SDKROOT; };
		AB4F88311AB89D5E006DA324 /* CFNetwork.framework */ = {isa = PBXFileReference; lastKnownFileType = wrapper.framework; name = CFNetwork.framework; path = System/Library/Frameworks/CFNetwork.framework; sourceTree = SDKROOT; };
		AB4F88331AB89D67006DA324 /* CoreGraphics.framework */ = {isa = PBXFileReference; lastKnownFileType = wrapper.framework; name = CoreGraphics.framework; path = System/Library/Frameworks/CoreGraphics.framework; sourceTree = SDKROOT; };
		AB4F88351AB89D6F006DA324 /* CoreLocation.framework */ = {isa = PBXFileReference; lastKnownFileType = wrapper.framework; name = CoreLocation.framework; path = System/Library/Frameworks/CoreLocation.framework; sourceTree = SDKROOT; };
		AB4F88371AB89D75006DA324 /* MobileCoreServices.framework */ = {isa = PBXFileReference; lastKnownFileType = wrapper.framework; name = MobileCoreServices.framework; path = System/Library/Frameworks/MobileCoreServices.framework; sourceTree = SDKROOT; };
		AB4F88391AB89D7B006DA324 /* QuartzCore.framework */ = {isa = PBXFileReference; lastKnownFileType = wrapper.framework; name = QuartzCore.framework; path = System/Library/Frameworks/QuartzCore.framework; sourceTree = SDKROOT; };
		AB4F883B1AB89D82006DA324 /* Security.framework */ = {isa = PBXFileReference; lastKnownFileType = wrapper.framework; name = Security.framework; path = System/Library/Frameworks/Security.framework; sourceTree = SDKROOT; };
		AB4F883F1AB89D8B006DA324 /* SystemConfiguration.framework */ = {isa = PBXFileReference; lastKnownFileType = wrapper.framework; name = SystemConfiguration.framework; path = System/Library/Frameworks/SystemConfiguration.framework; sourceTree = SDKROOT; };
		AB4F88411AB89D96006DA324 /* libz.dylib */ = {isa = PBXFileReference; lastKnownFileType = "compiled.mach-o.dylib"; name = libz.dylib; path = usr/lib/libz.dylib; sourceTree = SDKROOT; };
		AB4F88431AB89DA8006DA324 /* libsqlite3.dylib */ = {isa = PBXFileReference; lastKnownFileType = "compiled.mach-o.dylib"; name = libsqlite3.dylib; path = usr/lib/libsqlite3.dylib; sourceTree = SDKROOT; };
		AB50C4691AC5E32A00DC6EC6 /* eventTableViewCell.h */ = {isa = PBXFileReference; fileEncoding = 4; lastKnownFileType = sourcecode.c.h; path = eventTableViewCell.h; sourceTree = "<group>"; };
		AB50C46A1AC5E32A00DC6EC6 /* eventTableViewCell.m */ = {isa = PBXFileReference; fileEncoding = 4; lastKnownFileType = sourcecode.c.objc; path = eventTableViewCell.m; sourceTree = "<group>"; };
		ABAED8521AC1ECD4008322FF /* AnimalsShowViewController.h */ = {isa = PBXFileReference; fileEncoding = 4; lastKnownFileType = sourcecode.c.h; path = AnimalsShowViewController.h; sourceTree = "<group>"; };
		ABAED8531AC1ECD4008322FF /* AnimalsShowViewController.m */ = {isa = PBXFileReference; fileEncoding = 4; lastKnownFileType = sourcecode.c.objc; path = AnimalsShowViewController.m; sourceTree = "<group>"; };
		ABB144041ADC4EB000DACEE7 /* FilterViewController.h */ = {isa = PBXFileReference; fileEncoding = 4; lastKnownFileType = sourcecode.c.h; path = FilterViewController.h; sourceTree = "<group>"; };
		ABB144051ADC4EB000DACEE7 /* FilterViewController.m */ = {isa = PBXFileReference; fileEncoding = 4; lastKnownFileType = sourcecode.c.objc; path = FilterViewController.m; sourceTree = "<group>"; };
		ABB144071ADC511500DACEE7 /* Filter.h */ = {isa = PBXFileReference; fileEncoding = 4; lastKnownFileType = sourcecode.c.h; path = Filter.h; sourceTree = "<group>"; };
		ABB144081ADC511500DACEE7 /* Filter.m */ = {isa = PBXFileReference; fileEncoding = 4; lastKnownFileType = sourcecode.c.objc; path = Filter.m; sourceTree = "<group>"; };
		ABCDBA6D1ABC939C00BF49C1 /* SignUpViewController.h */ = {isa = PBXFileReference; fileEncoding = 4; lastKnownFileType = sourcecode.c.h; path = SignUpViewController.h; sourceTree = "<group>"; };
		ABCDBA6E1ABC939C00BF49C1 /* SignUpViewController.m */ = {isa = PBXFileReference; fileEncoding = 4; lastKnownFileType = sourcecode.c.objc; path = SignUpViewController.m; sourceTree = "<group>"; };
		ABE82B0E1AC47B9D00F26A09 /* VMaskTextField.h */ = {isa = PBXFileReference; fileEncoding = 4; lastKnownFileType = sourcecode.c.h; path = VMaskTextField.h; sourceTree = "<group>"; };
		ABE82B0F1AC47B9D00F26A09 /* VMaskTextField.m */ = {isa = PBXFileReference; fileEncoding = 4; lastKnownFileType = sourcecode.c.objc; path = VMaskTextField.m; sourceTree = "<group>"; };
		B937CC121AC32C2800B8C1E1 /* UIImage+Extension.h */ = {isa = PBXFileReference; fileEncoding = 4; lastKnownFileType = sourcecode.c.h; path = "UIImage+Extension.h"; sourceTree = "<group>"; };
		B937CC131AC32C2800B8C1E1 /* UIImage+Extension.m */ = {isa = PBXFileReference; fileEncoding = 4; lastKnownFileType = sourcecode.c.objc; path = "UIImage+Extension.m"; sourceTree = "<group>"; };
		B937CC151AC339A500B8C1E1 /* CardView.h */ = {isa = PBXFileReference; fileEncoding = 4; lastKnownFileType = sourcecode.c.h; path = CardView.h; sourceTree = "<group>"; };
		B937CC161AC339A500B8C1E1 /* CardView.m */ = {isa = PBXFileReference; fileEncoding = 4; lastKnownFileType = sourcecode.c.objc; path = CardView.m; sourceTree = "<group>"; };
		B937CC171AC339A500B8C1E1 /* SwipeCardView.h */ = {isa = PBXFileReference; fileEncoding = 4; lastKnownFileType = sourcecode.c.h; path = SwipeCardView.h; sourceTree = "<group>"; };
		B937CC181AC339A500B8C1E1 /* SwipeCardView.m */ = {isa = PBXFileReference; fileEncoding = 4; lastKnownFileType = sourcecode.c.objc; path = SwipeCardView.m; sourceTree = "<group>"; };
		B960248E1AB89729008C211C /* iDote.app */ = {isa = PBXFileReference; explicitFileType = wrapper.application; includeInIndex = 0; path = iDote.app; sourceTree = BUILT_PRODUCTS_DIR; };
		B96024921AB89729008C211C /* Info.plist */ = {isa = PBXFileReference; lastKnownFileType = text.plist.xml; path = Info.plist; sourceTree = "<group>"; };
		B96024931AB89729008C211C /* main.m */ = {isa = PBXFileReference; lastKnownFileType = sourcecode.c.objc; path = main.m; sourceTree = "<group>"; };
		B96024951AB89729008C211C /* AppDelegate.h */ = {isa = PBXFileReference; lastKnownFileType = sourcecode.c.h; path = AppDelegate.h; sourceTree = "<group>"; };
		B96024961AB89729008C211C /* AppDelegate.m */ = {isa = PBXFileReference; lastKnownFileType = sourcecode.c.objc; path = AppDelegate.m; sourceTree = "<group>"; };
		B96024981AB89729008C211C /* LoginViewController.h */ = {isa = PBXFileReference; lastKnownFileType = sourcecode.c.h; path = LoginViewController.h; sourceTree = "<group>"; };
		B96024991AB89729008C211C /* LoginViewController.m */ = {isa = PBXFileReference; lastKnownFileType = sourcecode.c.objc; path = LoginViewController.m; sourceTree = "<group>"; };
		B960249C1AB89729008C211C /* Base */ = {isa = PBXFileReference; lastKnownFileType = file.storyboard; name = Base; path = Base.lproj/Main.storyboard; sourceTree = "<group>"; };
		B960249E1AB89729008C211C /* Images.xcassets */ = {isa = PBXFileReference; lastKnownFileType = folder.assetcatalog; path = Images.xcassets; sourceTree = "<group>"; };
		B96024A11AB89729008C211C /* Base */ = {isa = PBXFileReference; lastKnownFileType = file.xib; name = Base; path = Base.lproj/LaunchScreen.xib; sourceTree = "<group>"; };
		B96024A71AB89729008C211C /* iDoteTests.xctest */ = {isa = PBXFileReference; explicitFileType = wrapper.cfbundle; includeInIndex = 0; path = iDoteTests.xctest; sourceTree = BUILT_PRODUCTS_DIR; };
		B96024AC1AB89729008C211C /* Info.plist */ = {isa = PBXFileReference; lastKnownFileType = text.plist.xml; path = Info.plist; sourceTree = "<group>"; };
		B96024AD1AB89729008C211C /* iDoteTests.m */ = {isa = PBXFileReference; lastKnownFileType = sourcecode.c.objc; path = iDoteTests.m; sourceTree = "<group>"; };
		B97AF0901ADC771C0004C96C /* ParseFacebookUtilsV4.framework */ = {isa = PBXFileReference; lastKnownFileType = wrapper.framework; path = ParseFacebookUtilsV4.framework; sourceTree = "<group>"; };
		B97B07471ADC30CB009E1886 /* UIImage+Blur.h */ = {isa = PBXFileReference; fileEncoding = 4; lastKnownFileType = sourcecode.c.h; path = "UIImage+Blur.h"; sourceTree = "<group>"; };
		B97B07481ADC30CB009E1886 /* UIImage+Blur.m */ = {isa = PBXFileReference; fileEncoding = 4; lastKnownFileType = sourcecode.c.objc; path = "UIImage+Blur.m"; sourceTree = "<group>"; };
		B98486B21AC5EDE3008F0BD1 /* AnimalDetailsViewController.h */ = {isa = PBXFileReference; fileEncoding = 4; lastKnownFileType = sourcecode.c.h; path = AnimalDetailsViewController.h; sourceTree = "<group>"; };
		B98486B31AC5EDE3008F0BD1 /* AnimalDetailsViewController.m */ = {isa = PBXFileReference; fileEncoding = 4; lastKnownFileType = sourcecode.c.objc; path = AnimalDetailsViewController.m; sourceTree = "<group>"; };
		B9FBEE2E1AC5A1B300279EFD /* UIImage+Resize.h */ = {isa = PBXFileReference; fileEncoding = 4; lastKnownFileType = sourcecode.c.h; path = "UIImage+Resize.h"; sourceTree = "<group>"; };
		B9FBEE2F1AC5A1B300279EFD /* UIImage+Resize.m */ = {isa = PBXFileReference; fileEncoding = 4; lastKnownFileType = sourcecode.c.objc; path = "UIImage+Resize.m"; sourceTree = "<group>"; };
		B9FD724E1ADC51FF00C5B940 /* FBAudienceNetwork.framework */ = {isa = PBXFileReference; lastKnownFileType = wrapper.framework; name = FBAudienceNetwork.framework; path = Frameworks/Facebook/FBAudienceNetwork.framework; sourceTree = "<group>"; };
		B9FD724F1ADC51FF00C5B940 /* FBSDKCoreKit.framework */ = {isa = PBXFileReference; lastKnownFileType = wrapper.framework; name = FBSDKCoreKit.framework; path = Frameworks/Facebook/FBSDKCoreKit.framework; sourceTree = "<group>"; };
		B9FD72501ADC51FF00C5B940 /* FBSDKLoginKit.framework */ = {isa = PBXFileReference; lastKnownFileType = wrapper.framework; name = FBSDKLoginKit.framework; path = Frameworks/Facebook/FBSDKLoginKit.framework; sourceTree = "<group>"; };
		B9FD72511ADC51FF00C5B940 /* FBSDKMessengerShareKit.framework */ = {isa = PBXFileReference; lastKnownFileType = wrapper.framework; name = FBSDKMessengerShareKit.framework; path = Frameworks/Facebook/FBSDKMessengerShareKit.framework; sourceTree = "<group>"; };
		B9FD72521ADC51FF00C5B940 /* FBSDKShareKit.framework */ = {isa = PBXFileReference; lastKnownFileType = wrapper.framework; name = FBSDKShareKit.framework; path = Frameworks/Facebook/FBSDKShareKit.framework; sourceTree = "<group>"; };
		B9FD725C1ADC53FE00C5B940 /* FBMissingSymbols.m */ = {isa = PBXFileReference; fileEncoding = 4; lastKnownFileType = sourcecode.c.objc; path = FBMissingSymbols.m; sourceTree = "<group>"; };
		E32C9EE71AC07C8500439C9B /* RegisterInstitutionViewController.h */ = {isa = PBXFileReference; fileEncoding = 4; lastKnownFileType = sourcecode.c.h; path = RegisterInstitutionViewController.h; sourceTree = "<group>"; };
		E32C9EE81AC07C8500439C9B /* RegisterInstitutionViewController.m */ = {isa = PBXFileReference; fileEncoding = 4; lastKnownFileType = sourcecode.c.objc; path = RegisterInstitutionViewController.m; sourceTree = "<group>"; };
		E32C9EEA1AC095BC00439C9B /* teste.storyboard */ = {isa = PBXFileReference; fileEncoding = 4; lastKnownFileType = file.storyboard; path = teste.storyboard; sourceTree = "<group>"; };
		E3B9C1C91ABF2E960083A0F6 /* Institution.h */ = {isa = PBXFileReference; fileEncoding = 4; lastKnownFileType = sourcecode.c.h; path = Institution.h; sourceTree = "<group>"; };
		E3B9C1CA1ABF2E960083A0F6 /* Institution.m */ = {isa = PBXFileReference; fileEncoding = 4; lastKnownFileType = sourcecode.c.objc; path = Institution.m; sourceTree = "<group>"; };
/* End PBXFileReference section */

/* Begin PBXFrameworksBuildPhase section */
		B960248B1AB89728008C211C /* Frameworks */ = {
			isa = PBXFrameworksBuildPhase;
			buildActionMask = 2147483647;
			files = (
				AB4F88441AB89DA8006DA324 /* libsqlite3.dylib in Frameworks */,
				AB4F88421AB89D97006DA324 /* libz.dylib in Frameworks */,
				B97AF0911ADC771C0004C96C /* ParseFacebookUtilsV4.framework in Frameworks */,
				B9FD72551ADC51FF00C5B940 /* FBSDKLoginKit.framework in Frameworks */,
				B9FD72561ADC51FF00C5B940 /* FBSDKMessengerShareKit.framework in Frameworks */,
				B9FD72541ADC51FF00C5B940 /* FBSDKCoreKit.framework in Frameworks */,
				AB4F88401AB89D8B006DA324 /* SystemConfiguration.framework in Frameworks */,
				A06184C01AB8A08D00363539 /* Bolts.framework in Frameworks */,
				A06184C21AB8A08D00363539 /* ParseCrashReporting.framework in Frameworks */,
				A06184C41AB8A08D00363539 /* ParseUI.framework in Frameworks */,
				AB4F883C1AB89D82006DA324 /* Security.framework in Frameworks */,
				B9FD72531ADC51FF00C5B940 /* FBAudienceNetwork.framework in Frameworks */,
				A06184C11AB8A08D00363539 /* Parse.framework in Frameworks */,
				B9FD72571ADC51FF00C5B940 /* FBSDKShareKit.framework in Frameworks */,
				A06184C31AB8A08D00363539 /* ParseFacebookUtils.framework in Frameworks */,
				AB4F883A1AB89D7B006DA324 /* QuartzCore.framework in Frameworks */,
				AB4F88381AB89D75006DA324 /* MobileCoreServices.framework in Frameworks */,
				AB4F88361AB89D6F006DA324 /* CoreLocation.framework in Frameworks */,
				AB4F88341AB89D67006DA324 /* CoreGraphics.framework in Frameworks */,
				AB4F88321AB89D5E006DA324 /* CFNetwork.framework in Frameworks */,
				AB4F88301AB89D59006DA324 /* AudioToolbox.framework in Frameworks */,
			);
			runOnlyForDeploymentPostprocessing = 0;
		};
		B96024A41AB89729008C211C /* Frameworks */ = {
			isa = PBXFrameworksBuildPhase;
			buildActionMask = 2147483647;
			files = (
			);
			runOnlyForDeploymentPostprocessing = 0;
		};
/* End PBXFrameworksBuildPhase section */

/* Begin PBXGroup section */
		A05773AA1ABB45240069D5CB /* Model */ = {
			isa = PBXGroup;
			children = (
				A05773AB1ABB45B70069D5CB /* User.h */,
				A05773AC1ABB45B70069D5CB /* User.m */,
				A06B93C21ABCA0BE00B3F59E /* Animal.h */,
				A06B93C31ABCA0BE00B3F59E /* Animal.m */,
				90727EE01AC2F6B800D48518 /* Evento.h */,
				90727EE11AC2F6B800D48518 /* Evento.m */,
				E3B9C1C91ABF2E960083A0F6 /* Institution.h */,
				E3B9C1CA1ABF2E960083A0F6 /* Institution.m */,
				ABB144071ADC511500DACEE7 /* Filter.h */,
				ABB144081ADC511500DACEE7 /* Filter.m */,
			);
			name = Model;
			path = ..;
			sourceTree = "<group>";
		};
		AB1781401AC0A330007621F0 /* FXForms */ = {
			isa = PBXGroup;
			children = (
				AB17813D1AC0A32B007621F0 /* FXForms.h */,
				AB17813E1AC0A32B007621F0 /* FXForms.m */,
			);
			name = FXForms;
			sourceTree = "<group>";
		};
		AB4F88241AB89CB2006DA324 /* Frameworks */ = {
			isa = PBXGroup;
			children = (
				B9FD724D1ADC514A00C5B940 /* Facebook */,
				ABE82B111AC47B9F00F26A09 /* VMaskTextField */,
				AB1781401AC0A330007621F0 /* FXForms */,
				AB4F88431AB89DA8006DA324 /* libsqlite3.dylib */,
				A06184BB1AB8A08D00363539 /* Bolts.framework */,
				A06184BC1AB8A08D00363539 /* Parse.framework */,
				A06184BD1AB8A08D00363539 /* ParseCrashReporting.framework */,
				A06184BE1AB8A08D00363539 /* ParseFacebookUtils.framework */,
				B97AF0901ADC771C0004C96C /* ParseFacebookUtilsV4.framework */,
				A06184BF1AB8A08D00363539 /* ParseUI.framework */,
				AB4F88411AB89D96006DA324 /* libz.dylib */,
				AB4F883F1AB89D8B006DA324 /* SystemConfiguration.framework */,
				AB4F883B1AB89D82006DA324 /* Security.framework */,
				AB4F88391AB89D7B006DA324 /* QuartzCore.framework */,
				AB4F88371AB89D75006DA324 /* MobileCoreServices.framework */,
				AB4F88351AB89D6F006DA324 /* CoreLocation.framework */,
				AB4F88331AB89D67006DA324 /* CoreGraphics.framework */,
				AB4F88311AB89D5E006DA324 /* CFNetwork.framework */,
				AB4F882F1AB89D59006DA324 /* AudioToolbox.framework */,
			);
			name = Frameworks;
			sourceTree = "<group>";
		};
		ABE82B111AC47B9F00F26A09 /* VMaskTextField */ = {
			isa = PBXGroup;
			children = (
				ABE82B0E1AC47B9D00F26A09 /* VMaskTextField.h */,
				ABE82B0F1AC47B9D00F26A09 /* VMaskTextField.m */,
			);
			name = VMaskTextField;
			sourceTree = "<group>";
		};
		B937CC111AC32B6D00B8C1E1 /* Extensions */ = {
			isa = PBXGroup;
			children = (
				B97B07471ADC30CB009E1886 /* UIImage+Blur.h */,
				B97B07481ADC30CB009E1886 /* UIImage+Blur.m */,
				B937CC121AC32C2800B8C1E1 /* UIImage+Extension.h */,
				B937CC131AC32C2800B8C1E1 /* UIImage+Extension.m */,
				B9FBEE2E1AC5A1B300279EFD /* UIImage+Resize.h */,
				B9FBEE2F1AC5A1B300279EFD /* UIImage+Resize.m */,
			);
			name = Extensions;
			sourceTree = "<group>";
		};
		B96024851AB89728008C211C = {
			isa = PBXGroup;
			children = (
				B96024901AB89729008C211C /* iDote */,
				AB4F88241AB89CB2006DA324 /* Frameworks */,
				B96024AA1AB89729008C211C /* iDoteTests */,
				B960248F1AB89729008C211C /* Products */,
			);
			sourceTree = "<group>";
		};
		B960248F1AB89729008C211C /* Products */ = {
			isa = PBXGroup;
			children = (
				B960248E1AB89729008C211C /* iDote.app */,
				B96024A71AB89729008C211C /* iDoteTests.xctest */,
			);
			name = Products;
			sourceTree = "<group>";
		};
		B96024901AB89729008C211C /* iDote */ = {
			isa = PBXGroup;
			children = (
				B937CC111AC32B6D00B8C1E1 /* Extensions */,
				B96024B81ABB58C8008C211C /* View */,
				B96024B71ABB58B7008C211C /* Controller */,
				A05773AA1ABB45240069D5CB /* Model */,
				B96024951AB89729008C211C /* AppDelegate.h */,
				B96024961AB89729008C211C /* AppDelegate.m */,
				B96024911AB89729008C211C /* Supporting Files */,
			);
			path = iDote;
			sourceTree = "<group>";
		};
		B96024911AB89729008C211C /* Supporting Files */ = {
			isa = PBXGroup;
			children = (
				B960249E1AB89729008C211C /* Images.xcassets */,
				B96024921AB89729008C211C /* Info.plist */,
				B96024931AB89729008C211C /* main.m */,
				B9FD725C1ADC53FE00C5B940 /* FBMissingSymbols.m */,
			);
			name = "Supporting Files";
			sourceTree = "<group>";
		};
		B96024AA1AB89729008C211C /* iDoteTests */ = {
			isa = PBXGroup;
			children = (
				B96024AD1AB89729008C211C /* iDoteTests.m */,
				B96024AB1AB89729008C211C /* Supporting Files */,
			);
			path = iDoteTests;
			sourceTree = "<group>";
		};
		B96024AB1AB89729008C211C /* Supporting Files */ = {
			isa = PBXGroup;
			children = (
				B96024AC1AB89729008C211C /* Info.plist */,
			);
			name = "Supporting Files";
			sourceTree = "<group>";
		};
		B96024B71ABB58B7008C211C /* Controller */ = {
			isa = PBXGroup;
			children = (
				B96024981AB89729008C211C /* LoginViewController.h */,
				B96024991AB89729008C211C /* LoginViewController.m */,
				ABCDBA6D1ABC939C00BF49C1 /* SignUpViewController.h */,
				ABCDBA6E1ABC939C00BF49C1 /* SignUpViewController.m */,
				E32C9EE71AC07C8500439C9B /* RegisterInstitutionViewController.h */,
				E32C9EE81AC07C8500439C9B /* RegisterInstitutionViewController.m */,
				A0435D041AC48D8800822BC1 /* DetailInstitutionViewController.h */,
				A0435D051AC48DBA00822BC1 /* DetailInstitutionViewController.m */,
				A0435D0A1AC48DE000822BC1 /* ShowInstitutionViewController.h */,
				A0435D0B1AC48DE000822BC1 /* ShowInstitutionViewController.m */,
				A0435D071AC48DCE00822BC1 /* InstitutionTableViewCell.h */,
				A0435D081AC48DCE00822BC1 /* InstitutionTableViewCell.m */,
				AB1781341AC090EE007621F0 /* RegisterAnimalPhotoController.h */,
				AB1781351AC090EE007621F0 /* RegisterAnimalPhotoController.m */,
				ABAED8521AC1ECD4008322FF /* AnimalsShowViewController.h */,
				ABAED8531AC1ECD4008322FF /* AnimalsShowViewController.m */,
				9032E0F01AC0C54D001E11DF /* CalendarioViewController.h */,
				9032E0F11AC0C54D001E11DF /* CalendarioViewController.m */,
				90727EDD1AC1F7D300D48518 /* TabBarViewController.h */,
				90727EDE1AC1F7D300D48518 /* TabBarViewController.m */,
				B98486B21AC5EDE3008F0BD1 /* AnimalDetailsViewController.h */,
				B98486B31AC5EDE3008F0BD1 /* AnimalDetailsViewController.m */,
				AB50C4691AC5E32A00DC6EC6 /* eventTableViewCell.h */,
				AB50C46A1AC5E32A00DC6EC6 /* eventTableViewCell.m */,
				A0E5B2F61AC63BC900A9E99C /* DetailEventViewController.h */,
				A0E5B2F71AC63BC900A9E99C /* DetailEventViewController.m */,
				A045A9371AC77E56004B00BF /* PessoalViewController.h */,
				A045A9381AC77E56004B00BF /* PessoalViewController.m */,
				A05B0B3E1AC9B13F0021550A /* PessoalCellTableViewCell.h */,
				A05B0B3F1AC9B13F0021550A /* PessoalCellTableViewCell.m */,
				ABB144041ADC4EB000DACEE7 /* FilterViewController.h */,
				ABB144051ADC4EB000DACEE7 /* FilterViewController.m */,
			);
			name = Controller;
			sourceTree = "<group>";
		};
		B96024B81ABB58C8008C211C /* View */ = {
			isa = PBXGroup;
			children = (
				B937CC151AC339A500B8C1E1 /* CardView.h */,
				B937CC161AC339A500B8C1E1 /* CardView.m */,
				B937CC171AC339A500B8C1E1 /* SwipeCardView.h */,
				B937CC181AC339A500B8C1E1 /* SwipeCardView.m */,
				B960249B1AB89729008C211C /* Main.storyboard */,
				B96024A01AB89729008C211C /* LaunchScreen.xib */,
				E32C9EEA1AC095BC00439C9B /* teste.storyboard */,
			);
			name = View;
			sourceTree = "<group>";
		};
		B9FD724D1ADC514A00C5B940 /* Facebook */ = {
			isa = PBXGroup;
			children = (
				B9FD724E1ADC51FF00C5B940 /* FBAudienceNetwork.framework */,
				B9FD724F1ADC51FF00C5B940 /* FBSDKCoreKit.framework */,
				B9FD72501ADC51FF00C5B940 /* FBSDKLoginKit.framework */,
				B9FD72511ADC51FF00C5B940 /* FBSDKMessengerShareKit.framework */,
				B9FD72521ADC51FF00C5B940 /* FBSDKShareKit.framework */,
			);
			name = Facebook;
			sourceTree = "<group>";
		};
/* End PBXGroup section */

/* Begin PBXNativeTarget section */
		B960248D1AB89728008C211C /* iDote */ = {
			isa = PBXNativeTarget;
			buildConfigurationList = B96024B11AB89729008C211C /* Build configuration list for PBXNativeTarget "iDote" */;
			buildPhases = (
				B960248A1AB89728008C211C /* Sources */,
				B960248B1AB89728008C211C /* Frameworks */,
				B960248C1AB89728008C211C /* Resources */,
			);
			buildRules = (
			);
			dependencies = (
			);
			name = iDote;
			productName = iDote;
			productReference = B960248E1AB89729008C211C /* iDote.app */;
			productType = "com.apple.product-type.application";
		};
		B96024A61AB89729008C211C /* iDoteTests */ = {
			isa = PBXNativeTarget;
			buildConfigurationList = B96024B41AB89729008C211C /* Build configuration list for PBXNativeTarget "iDoteTests" */;
			buildPhases = (
				B96024A31AB89729008C211C /* Sources */,
				B96024A41AB89729008C211C /* Frameworks */,
				B96024A51AB89729008C211C /* Resources */,
			);
			buildRules = (
			);
			dependencies = (
				B96024A91AB89729008C211C /* PBXTargetDependency */,
			);
			name = iDoteTests;
			productName = iDoteTests;
			productReference = B96024A71AB89729008C211C /* iDoteTests.xctest */;
			productType = "com.apple.product-type.bundle.unit-test";
		};
/* End PBXNativeTarget section */

/* Begin PBXProject section */
		B96024861AB89728008C211C /* Project object */ = {
			isa = PBXProject;
			attributes = {
				LastUpgradeCheck = 0620;
				ORGANIZATIONNAME = Bepid;
				TargetAttributes = {
					B960248D1AB89728008C211C = {
						CreatedOnToolsVersion = 6.2;
						DevelopmentTeam = 9KS6X927VF;
						SystemCapabilities = {
							com.apple.InAppPurchase = {
								enabled = 0;
							};
						};
					};
					B96024A61AB89729008C211C = {
						CreatedOnToolsVersion = 6.2;
						DevelopmentTeam = 9468LRW88W;
						TestTargetID = B960248D1AB89728008C211C;
					};
				};
			};
			buildConfigurationList = B96024891AB89728008C211C /* Build configuration list for PBXProject "iDote" */;
			compatibilityVersion = "Xcode 3.2";
			developmentRegion = English;
			hasScannedForEncodings = 0;
			knownRegions = (
				en,
				Base,
			);
			mainGroup = B96024851AB89728008C211C;
			productRefGroup = B960248F1AB89729008C211C /* Products */;
			projectDirPath = "";
			projectRoot = "";
			targets = (
				B960248D1AB89728008C211C /* iDote */,
				B96024A61AB89729008C211C /* iDoteTests */,
			);
		};
/* End PBXProject section */

/* Begin PBXResourcesBuildPhase section */
		B960248C1AB89728008C211C /* Resources */ = {
			isa = PBXResourcesBuildPhase;
			buildActionMask = 2147483647;
			files = (
				E32C9EEB1AC095BC00439C9B /* teste.storyboard in Resources */,
				B960249D1AB89729008C211C /* Main.storyboard in Resources */,
				B96024A21AB89729008C211C /* LaunchScreen.xib in Resources */,
				B960249F1AB89729008C211C /* Images.xcassets in Resources */,
			);
			runOnlyForDeploymentPostprocessing = 0;
		};
		B96024A51AB89729008C211C /* Resources */ = {
			isa = PBXResourcesBuildPhase;
			buildActionMask = 2147483647;
			files = (
			);
			runOnlyForDeploymentPostprocessing = 0;
		};
/* End PBXResourcesBuildPhase section */

/* Begin PBXSourcesBuildPhase section */
		B960248A1AB89728008C211C /* Sources */ = {
			isa = PBXSourcesBuildPhase;
			buildActionMask = 2147483647;
			files = (
				9032E0F21AC0C54D001E11DF /* CalendarioViewController.m in Sources */,
				B937CC1A1AC339A500B8C1E1 /* SwipeCardView.m in Sources */,
				A05773AD1ABB45B70069D5CB /* User.m in Sources */,
				E3B9C1CB1ABF2E960083A0F6 /* Institution.m in Sources */,
				90727EDF1AC1F7D300D48518 /* TabBarViewController.m in Sources */,
				A0435D061AC48DBA00822BC1 /* DetailInstitutionViewController.m in Sources */,
				B9FD725D1ADC53FE00C5B940 /* FBMissingSymbols.m in Sources */,
				A045A9391AC77E56004B00BF /* PessoalViewController.m in Sources */,
				AB17813F1AC0A32B007621F0 /* FXForms.m in Sources */,
				A0435D091AC48DCE00822BC1 /* InstitutionTableViewCell.m in Sources */,
				ABCDBA6F1ABC939C00BF49C1 /* SignUpViewController.m in Sources */,
				A05B0B401AC9B13F0021550A /* PessoalCellTableViewCell.m in Sources */,
				B937CC141AC32C2800B8C1E1 /* UIImage+Extension.m in Sources */,
				ABE82B101AC47B9D00F26A09 /* VMaskTextField.m in Sources */,
				B960249A1AB89729008C211C /* LoginViewController.m in Sources */,
				E32C9EE91AC07C8500439C9B /* RegisterInstitutionViewController.m in Sources */,
				A06B93C41ABCA0BE00B3F59E /* Animal.m in Sources */,
				ABB144061ADC4EB000DACEE7 /* FilterViewController.m in Sources */,
				AB1781361AC090EE007621F0 /* RegisterAnimalPhotoController.m in Sources */,
				B9FBEE301AC5A1B300279EFD /* UIImage+Resize.m in Sources */,
				ABB144091ADC511500DACEE7 /* Filter.m in Sources */,
				ABAED8541AC1ECD4008322FF /* AnimalsShowViewController.m in Sources */,
				B96024971AB89729008C211C /* AppDelegate.m in Sources */,
				A0435D0C1AC48DE000822BC1 /* ShowInstitutionViewController.m in Sources */,
				AB50C46B1AC5E32A00DC6EC6 /* eventTableViewCell.m in Sources */,
				B97B07491ADC30CB009E1886 /* UIImage+Blur.m in Sources */,
				B96024941AB89729008C211C /* main.m in Sources */,
				B937CC191AC339A500B8C1E1 /* CardView.m in Sources */,
				90727EE21AC2F6B800D48518 /* Evento.m in Sources */,
				A0E5B2F81AC63BC900A9E99C /* DetailEventViewController.m in Sources */,
				B98486B41AC5EDE3008F0BD1 /* AnimalDetailsViewController.m in Sources */,
			);
			runOnlyForDeploymentPostprocessing = 0;
		};
		B96024A31AB89729008C211C /* Sources */ = {
			isa = PBXSourcesBuildPhase;
			buildActionMask = 2147483647;
			files = (
				B96024AE1AB89729008C211C /* iDoteTests.m in Sources */,
			);
			runOnlyForDeploymentPostprocessing = 0;
		};
/* End PBXSourcesBuildPhase section */

/* Begin PBXTargetDependency section */
		B96024A91AB89729008C211C /* PBXTargetDependency */ = {
			isa = PBXTargetDependency;
			target = B960248D1AB89728008C211C /* iDote */;
			targetProxy = B96024A81AB89729008C211C /* PBXContainerItemProxy */;
		};
/* End PBXTargetDependency section */

/* Begin PBXVariantGroup section */
		B960249B1AB89729008C211C /* Main.storyboard */ = {
			isa = PBXVariantGroup;
			children = (
				B960249C1AB89729008C211C /* Base */,
			);
			name = Main.storyboard;
			sourceTree = "<group>";
		};
		B96024A01AB89729008C211C /* LaunchScreen.xib */ = {
			isa = PBXVariantGroup;
			children = (
				B96024A11AB89729008C211C /* Base */,
			);
			name = LaunchScreen.xib;
			sourceTree = "<group>";
		};
/* End PBXVariantGroup section */

/* Begin XCBuildConfiguration section */
		B96024AF1AB89729008C211C /* Debug */ = {
			isa = XCBuildConfiguration;
			buildSettings = {
				ALWAYS_SEARCH_USER_PATHS = NO;
				CLANG_CXX_LANGUAGE_STANDARD = "gnu++0x";
				CLANG_CXX_LIBRARY = "libc++";
				CLANG_ENABLE_MODULES = YES;
				CLANG_ENABLE_OBJC_ARC = YES;
				CLANG_WARN_BOOL_CONVERSION = YES;
				CLANG_WARN_CONSTANT_CONVERSION = YES;
				CLANG_WARN_DIRECT_OBJC_ISA_USAGE = YES_ERROR;
				CLANG_WARN_EMPTY_BODY = YES;
				CLANG_WARN_ENUM_CONVERSION = YES;
				CLANG_WARN_INT_CONVERSION = YES;
				CLANG_WARN_OBJC_ROOT_CLASS = YES_ERROR;
				CLANG_WARN_UNREACHABLE_CODE = YES;
				CLANG_WARN__DUPLICATE_METHOD_MATCH = YES;
				CODE_SIGN_IDENTITY = "iPhone Developer";
				"CODE_SIGN_IDENTITY[sdk=iphoneos*]" = "iPhone Developer";
				COPY_PHASE_STRIP = NO;
				ENABLE_STRICT_OBJC_MSGSEND = YES;
				GCC_C_LANGUAGE_STANDARD = gnu99;
				GCC_DYNAMIC_NO_PIC = NO;
				GCC_OPTIMIZATION_LEVEL = 0;
				GCC_PREPROCESSOR_DEFINITIONS = (
					"DEBUG=1",
					"$(inherited)",
				);
				GCC_SYMBOLS_PRIVATE_EXTERN = NO;
				GCC_WARN_64_TO_32_BIT_CONVERSION = YES;
				GCC_WARN_ABOUT_RETURN_TYPE = YES_ERROR;
				GCC_WARN_UNDECLARED_SELECTOR = YES;
				GCC_WARN_UNINITIALIZED_AUTOS = YES_AGGRESSIVE;
				GCC_WARN_UNUSED_FUNCTION = YES;
				GCC_WARN_UNUSED_VARIABLE = YES;
				IPHONEOS_DEPLOYMENT_TARGET = 8.2;
				MTL_ENABLE_DEBUG_INFO = YES;
				ONLY_ACTIVE_ARCH = YES;
				PROVISIONING_PROFILE = "b08455f8-563d-47f1-b6be-2237cd5d5a9d";
				SDKROOT = iphoneos;
				TARGETED_DEVICE_FAMILY = "1,2";
			};
			name = Debug;
		};
		B96024B01AB89729008C211C /* Release */ = {
			isa = XCBuildConfiguration;
			buildSettings = {
				ALWAYS_SEARCH_USER_PATHS = NO;
				CLANG_CXX_LANGUAGE_STANDARD = "gnu++0x";
				CLANG_CXX_LIBRARY = "libc++";
				CLANG_ENABLE_MODULES = YES;
				CLANG_ENABLE_OBJC_ARC = YES;
				CLANG_WARN_BOOL_CONVERSION = YES;
				CLANG_WARN_CONSTANT_CONVERSION = YES;
				CLANG_WARN_DIRECT_OBJC_ISA_USAGE = YES_ERROR;
				CLANG_WARN_EMPTY_BODY = YES;
				CLANG_WARN_ENUM_CONVERSION = YES;
				CLANG_WARN_INT_CONVERSION = YES;
				CLANG_WARN_OBJC_ROOT_CLASS = YES_ERROR;
				CLANG_WARN_UNREACHABLE_CODE = YES;
				CLANG_WARN__DUPLICATE_METHOD_MATCH = YES;
				CODE_SIGN_IDENTITY = "iPhone Developer";
				"CODE_SIGN_IDENTITY[sdk=iphoneos*]" = "iPhone Developer";
				COPY_PHASE_STRIP = NO;
				ENABLE_NS_ASSERTIONS = NO;
				ENABLE_STRICT_OBJC_MSGSEND = YES;
				GCC_C_LANGUAGE_STANDARD = gnu99;
				GCC_WARN_64_TO_32_BIT_CONVERSION = YES;
				GCC_WARN_ABOUT_RETURN_TYPE = YES_ERROR;
				GCC_WARN_UNDECLARED_SELECTOR = YES;
				GCC_WARN_UNINITIALIZED_AUTOS = YES_AGGRESSIVE;
				GCC_WARN_UNUSED_FUNCTION = YES;
				GCC_WARN_UNUSED_VARIABLE = YES;
				IPHONEOS_DEPLOYMENT_TARGET = 8.2;
				MTL_ENABLE_DEBUG_INFO = NO;
				PROVISIONING_PROFILE = "b08455f8-563d-47f1-b6be-2237cd5d5a9d";
				SDKROOT = iphoneos;
				TARGETED_DEVICE_FAMILY = "1,2";
				VALIDATE_PRODUCT = YES;
			};
			name = Release;
		};
		B96024B21AB89729008C211C /* Debug */ = {
			isa = XCBuildConfiguration;
			buildSettings = {
				ASSETCATALOG_COMPILER_APPICON_NAME = AppIcon;
				CODE_SIGN_IDENTITY = "iPhone Developer";
				"CODE_SIGN_IDENTITY[sdk=iphoneos*]" = "iPhone Developer";
				FRAMEWORK_SEARCH_PATHS = (
					"$(inherited)",
					"$(PROJECT_DIR)",
					"$(PROJECT_DIR)/Frameworks",
					"$(PROJECT_DIR)/Frameworks/Facebook",
				);
				INFOPLIST_FILE = iDote/Info.plist;
				IPHONEOS_DEPLOYMENT_TARGET = 8.2;
				LD_RUNPATH_SEARCH_PATHS = "$(inherited) @executable_path/Frameworks";
				PRODUCT_NAME = "$(TARGET_NAME)";
				PROVISIONING_PROFILE = "b08455f8-563d-47f1-b6be-2237cd5d5a9d";
			};
			name = Debug;
		};
		B96024B31AB89729008C211C /* Release */ = {
			isa = XCBuildConfiguration;
			buildSettings = {
				ASSETCATALOG_COMPILER_APPICON_NAME = AppIcon;
				CODE_SIGN_IDENTITY = "iPhone Developer";
				"CODE_SIGN_IDENTITY[sdk=iphoneos*]" = "iPhone Developer";
				FRAMEWORK_SEARCH_PATHS = (
					"$(inherited)",
					"$(PROJECT_DIR)",
					"$(PROJECT_DIR)/Frameworks",
					"$(PROJECT_DIR)/Frameworks/Facebook",
				);
				INFOPLIST_FILE = iDote/Info.plist;
				IPHONEOS_DEPLOYMENT_TARGET = 8.2;
				LD_RUNPATH_SEARCH_PATHS = "$(inherited) @executable_path/Frameworks";
				PRODUCT_NAME = "$(TARGET_NAME)";
				PROVISIONING_PROFILE = "b08455f8-563d-47f1-b6be-2237cd5d5a9d";
			};
			name = Release;
		};
		B96024B51AB89729008C211C /* Debug */ = {
			isa = XCBuildConfiguration;
			buildSettings = {
				BUNDLE_LOADER = "$(TEST_HOST)";
				FRAMEWORK_SEARCH_PATHS = (
					"$(SDKROOT)/Developer/Library/Frameworks",
					"$(inherited)",
				);
				GCC_PREPROCESSOR_DEFINITIONS = (
					"DEBUG=1",
					"$(inherited)",
				);
				INFOPLIST_FILE = iDoteTests/Info.plist;
				LD_RUNPATH_SEARCH_PATHS = "$(inherited) @executable_path/Frameworks @loader_path/Frameworks";
				PRODUCT_NAME = "$(TARGET_NAME)";
				TEST_HOST = "$(BUILT_PRODUCTS_DIR)/iDote.app/iDote";
			};
			name = Debug;
		};
		B96024B61AB89729008C211C /* Release */ = {
			isa = XCBuildConfiguration;
			buildSettings = {
				BUNDLE_LOADER = "$(TEST_HOST)";
				FRAMEWORK_SEARCH_PATHS = (
					"$(SDKROOT)/Developer/Library/Frameworks",
					"$(inherited)",
				);
				INFOPLIST_FILE = iDoteTests/Info.plist;
				LD_RUNPATH_SEARCH_PATHS = "$(inherited) @executable_path/Frameworks @loader_path/Frameworks";
				PRODUCT_NAME = "$(TARGET_NAME)";
				TEST_HOST = "$(BUILT_PRODUCTS_DIR)/iDote.app/iDote";
			};
			name = Release;
		};
/* End XCBuildConfiguration section */

/* Begin XCConfigurationList section */
		B96024891AB89728008C211C /* Build configuration list for PBXProject "iDote" */ = {
			isa = XCConfigurationList;
			buildConfigurations = (
				B96024AF1AB89729008C211C /* Debug */,
				B96024B01AB89729008C211C /* Release */,
			);
			defaultConfigurationIsVisible = 0;
			defaultConfigurationName = Release;
		};
		B96024B11AB89729008C211C /* Build configuration list for PBXNativeTarget "iDote" */ = {
			isa = XCConfigurationList;
			buildConfigurations = (
				B96024B21AB89729008C211C /* Debug */,
				B96024B31AB89729008C211C /* Release */,
			);
			defaultConfigurationIsVisible = 0;
			defaultConfigurationName = Release;
		};
		B96024B41AB89729008C211C /* Build configuration list for PBXNativeTarget "iDoteTests" */ = {
			isa = XCConfigurationList;
			buildConfigurations = (
				B96024B51AB89729008C211C /* Debug */,
				B96024B61AB89729008C211C /* Release */,
			);
			defaultConfigurationIsVisible = 0;
			defaultConfigurationName = Release;
		};
/* End XCConfigurationList section */
	};
	rootObject = B96024861AB89728008C211C /* Project object */;
}
